// !$*UTF8*$!
{
	archiveVersion = 1;
	classes = {
	};
	objectVersion = 55;
	objects = {

/* Begin PBXBuildFile section */
		47842721273F46BB009E1B66 /* DecodedTranslation.swift in Sources */ = {isa = PBXBuildFile; fileRef = 47842720273F46BB009E1B66 /* DecodedTranslation.swift */; };
		861579FE273EC8900099D996 /* TranslateService.swift in Sources */ = {isa = PBXBuildFile; fileRef = 861579FD273EC8900099D996 /* TranslateService.swift */; };
		8623CBD52742DB15005BA813 /* CurrenciesList.swift in Sources */ = {isa = PBXBuildFile; fileRef = 8623CBD42742DB15005BA813 /* CurrenciesList.swift */; };
		862B3E7527386E54005663CB /* WeatherService.swift in Sources */ = {isa = PBXBuildFile; fileRef = 862B3E7427386E53005663CB /* WeatherService.swift */; };
		86A30F222738B7B200A811D4 /* DecodedWeatherForecast.swift in Sources */ = {isa = PBXBuildFile; fileRef = 86A30F212738B7B200A811D4 /* DecodedWeatherForecast.swift */; };
		86E7EEFA273588BB00596736 /* AppDelegate.swift in Sources */ = {isa = PBXBuildFile; fileRef = 86E7EEF9273588BB00596736 /* AppDelegate.swift */; };
		86E7EEFC273588BB00596736 /* SceneDelegate.swift in Sources */ = {isa = PBXBuildFile; fileRef = 86E7EEFB273588BB00596736 /* SceneDelegate.swift */; };
		86E7EEFE273588BB00596736 /* ViewController.swift in Sources */ = {isa = PBXBuildFile; fileRef = 86E7EEFD273588BB00596736 /* ViewController.swift */; };
		86E7EF01273588BB00596736 /* Main.storyboard in Resources */ = {isa = PBXBuildFile; fileRef = 86E7EEFF273588BB00596736 /* Main.storyboard */; };
		86E7EF03273588BF00596736 /* Assets.xcassets in Resources */ = {isa = PBXBuildFile; fileRef = 86E7EF02273588BF00596736 /* Assets.xcassets */; };
		86E7EF06273588BF00596736 /* LaunchScreen.storyboard in Resources */ = {isa = PBXBuildFile; fileRef = 86E7EF04273588BF00596736 /* LaunchScreen.storyboard */; };
		86E7EF11273588BF00596736 /* BaluchonTests.swift in Sources */ = {isa = PBXBuildFile; fileRef = 86E7EF10273588BF00596736 /* BaluchonTests.swift */; };
		86E7EF1B273588BF00596736 /* BaluchonUITests.swift in Sources */ = {isa = PBXBuildFile; fileRef = 86E7EF1A273588BF00596736 /* BaluchonUITests.swift */; };
		86E7EF1D273588BF00596736 /* BaluchonUITestsLaunchTests.swift in Sources */ = {isa = PBXBuildFile; fileRef = 86E7EF1C273588BF00596736 /* BaluchonUITestsLaunchTests.swift */; };
		86E7EF2E27359BF400596736 /* WeatherViewController.swift in Sources */ = {isa = PBXBuildFile; fileRef = 86E7EF2D27359BF400596736 /* WeatherViewController.swift */; };
		86E7EF3027359C0400596736 /* TranslateViewController.swift in Sources */ = {isa = PBXBuildFile; fileRef = 86E7EF2F27359C0400596736 /* TranslateViewController.swift */; };
		86E7EF3227359C4600596736 /* CurrencyExchangeViewController.swift in Sources */ = {isa = PBXBuildFile; fileRef = 86E7EF3127359C4600596736 /* CurrencyExchangeViewController.swift */; };
/* End PBXBuildFile section */

/* Begin PBXContainerItemProxy section */
		86E7EF0D273588BF00596736 /* PBXContainerItemProxy */ = {
			isa = PBXContainerItemProxy;
			containerPortal = 86E7EEEE273588BB00596736 /* Project object */;
			proxyType = 1;
			remoteGlobalIDString = 86E7EEF5273588BB00596736;
			remoteInfo = Baluchon;
		};
		86E7EF17273588BF00596736 /* PBXContainerItemProxy */ = {
			isa = PBXContainerItemProxy;
			containerPortal = 86E7EEEE273588BB00596736 /* Project object */;
			proxyType = 1;
			remoteGlobalIDString = 86E7EEF5273588BB00596736;
			remoteInfo = Baluchon;
		};
/* End PBXContainerItemProxy section */

/* Begin PBXFileReference section */
		47842720273F46BB009E1B66 /* DecodedTranslation.swift */ = {isa = PBXFileReference; lastKnownFileType = sourcecode.swift; path = DecodedTranslation.swift; sourceTree = "<group>"; };
		861579FD273EC8900099D996 /* TranslateService.swift */ = {isa = PBXFileReference; lastKnownFileType = sourcecode.swift; path = TranslateService.swift; sourceTree = "<group>"; };
		8623CBD42742DB15005BA813 /* CurrenciesList.swift */ = {isa = PBXFileReference; lastKnownFileType = sourcecode.swift; path = CurrenciesList.swift; sourceTree = "<group>"; };
		862B3E7427386E53005663CB /* WeatherService.swift */ = {isa = PBXFileReference; lastKnownFileType = sourcecode.swift; path = WeatherService.swift; sourceTree = "<group>"; };
		86A30F212738B7B200A811D4 /* DecodedWeatherForecast.swift */ = {isa = PBXFileReference; lastKnownFileType = sourcecode.swift; path = DecodedWeatherForecast.swift; sourceTree = "<group>"; };
		86E7EEF6273588BB00596736 /* Baluchon.app */ = {isa = PBXFileReference; explicitFileType = wrapper.application; includeInIndex = 0; path = Baluchon.app; sourceTree = BUILT_PRODUCTS_DIR; };
		86E7EEF9273588BB00596736 /* AppDelegate.swift */ = {isa = PBXFileReference; lastKnownFileType = sourcecode.swift; path = AppDelegate.swift; sourceTree = "<group>"; };
		86E7EEFB273588BB00596736 /* SceneDelegate.swift */ = {isa = PBXFileReference; lastKnownFileType = sourcecode.swift; path = SceneDelegate.swift; sourceTree = "<group>"; };
		86E7EEFD273588BB00596736 /* ViewController.swift */ = {isa = PBXFileReference; lastKnownFileType = sourcecode.swift; path = ViewController.swift; sourceTree = "<group>"; };
		86E7EF00273588BB00596736 /* Base */ = {isa = PBXFileReference; lastKnownFileType = file.storyboard; name = Base; path = Base.lproj/Main.storyboard; sourceTree = "<group>"; };
		86E7EF02273588BF00596736 /* Assets.xcassets */ = {isa = PBXFileReference; lastKnownFileType = folder.assetcatalog; path = Assets.xcassets; sourceTree = "<group>"; };
		86E7EF05273588BF00596736 /* Base */ = {isa = PBXFileReference; lastKnownFileType = file.storyboard; name = Base; path = Base.lproj/LaunchScreen.storyboard; sourceTree = "<group>"; };
		86E7EF07273588BF00596736 /* Info.plist */ = {isa = PBXFileReference; lastKnownFileType = text.plist.xml; path = Info.plist; sourceTree = "<group>"; };
		86E7EF0C273588BF00596736 /* BaluchonTests.xctest */ = {isa = PBXFileReference; explicitFileType = wrapper.cfbundle; includeInIndex = 0; path = BaluchonTests.xctest; sourceTree = BUILT_PRODUCTS_DIR; };
		86E7EF10273588BF00596736 /* BaluchonTests.swift */ = {isa = PBXFileReference; lastKnownFileType = sourcecode.swift; path = BaluchonTests.swift; sourceTree = "<group>"; };
		86E7EF16273588BF00596736 /* BaluchonUITests.xctest */ = {isa = PBXFileReference; explicitFileType = wrapper.cfbundle; includeInIndex = 0; path = BaluchonUITests.xctest; sourceTree = BUILT_PRODUCTS_DIR; };
		86E7EF1A273588BF00596736 /* BaluchonUITests.swift */ = {isa = PBXFileReference; lastKnownFileType = sourcecode.swift; path = BaluchonUITests.swift; sourceTree = "<group>"; };
		86E7EF1C273588BF00596736 /* BaluchonUITestsLaunchTests.swift */ = {isa = PBXFileReference; lastKnownFileType = sourcecode.swift; path = BaluchonUITestsLaunchTests.swift; sourceTree = "<group>"; };
		86E7EF2D27359BF400596736 /* WeatherViewController.swift */ = {isa = PBXFileReference; lastKnownFileType = sourcecode.swift; path = WeatherViewController.swift; sourceTree = "<group>"; };
		86E7EF2F27359C0400596736 /* TranslateViewController.swift */ = {isa = PBXFileReference; lastKnownFileType = sourcecode.swift; path = TranslateViewController.swift; sourceTree = "<group>"; };
		86E7EF3127359C4600596736 /* CurrencyExchangeViewController.swift */ = {isa = PBXFileReference; lastKnownFileType = sourcecode.swift; path = CurrencyExchangeViewController.swift; sourceTree = "<group>"; };
/* End PBXFileReference section */

/* Begin PBXFrameworksBuildPhase section */
		86E7EEF3273588BB00596736 /* Frameworks */ = {
			isa = PBXFrameworksBuildPhase;
			buildActionMask = 2147483647;
			files = (
			);
			runOnlyForDeploymentPostprocessing = 0;
		};
		86E7EF09273588BF00596736 /* Frameworks */ = {
			isa = PBXFrameworksBuildPhase;
			buildActionMask = 2147483647;
			files = (
			);
			runOnlyForDeploymentPostprocessing = 0;
		};
		86E7EF13273588BF00596736 /* Frameworks */ = {
			isa = PBXFrameworksBuildPhase;
			buildActionMask = 2147483647;
			files = (
			);
			runOnlyForDeploymentPostprocessing = 0;
		};
/* End PBXFrameworksBuildPhase section */

/* Begin PBXGroup section */
		862B3E7327386E3D005663CB /* Model */ = {
			isa = PBXGroup;
			children = (
				862B3E7427386E53005663CB /* WeatherService.swift */,
				86A30F212738B7B200A811D4 /* DecodedWeatherForecast.swift */,
				47842720273F46BB009E1B66 /* DecodedTranslation.swift */,
				861579FD273EC8900099D996 /* TranslateService.swift */,
				8623CBD42742DB15005BA813 /* CurrenciesList.swift */,
			);
			path = Model;
			sourceTree = "<group>";
		};
		86E7EEED273588BB00596736 = {
			isa = PBXGroup;
			children = (
				86E7EEF8273588BB00596736 /* Baluchon */,
				86E7EF0F273588BF00596736 /* BaluchonTests */,
				86E7EF19273588BF00596736 /* BaluchonUITests */,
				86E7EEF7273588BB00596736 /* Products */,
			);
			sourceTree = "<group>";
		};
		86E7EEF7273588BB00596736 /* Products */ = {
			isa = PBXGroup;
			children = (
				86E7EEF6273588BB00596736 /* Baluchon.app */,
				86E7EF0C273588BF00596736 /* BaluchonTests.xctest */,
				86E7EF16273588BF00596736 /* BaluchonUITests.xctest */,
			);
			name = Products;
			sourceTree = "<group>";
		};
		86E7EEF8273588BB00596736 /* Baluchon */ = {
			isa = PBXGroup;
			children = (
				862B3E7327386E3D005663CB /* Model */,
				86E7EF2B2735895100596736 /* Storyboards */,
				86E7EF2A2735893500596736 /* ViewControllers */,
				86E7EF292735891400596736 /* Delegates */,
				86E7EF2C273589A600596736 /* Assets */,
				86E7EF07273588BF00596736 /* Info.plist */,
			);
			path = Baluchon;
			sourceTree = "<group>";
		};
		86E7EF0F273588BF00596736 /* BaluchonTests */ = {
			isa = PBXGroup;
			children = (
				86E7EF10273588BF00596736 /* BaluchonTests.swift */,
			);
			path = BaluchonTests;
			sourceTree = "<group>";
		};
		86E7EF19273588BF00596736 /* BaluchonUITests */ = {
			isa = PBXGroup;
			children = (
				86E7EF1A273588BF00596736 /* BaluchonUITests.swift */,
				86E7EF1C273588BF00596736 /* BaluchonUITestsLaunchTests.swift */,
			);
			path = BaluchonUITests;
			sourceTree = "<group>";
		};
		86E7EF292735891400596736 /* Delegates */ = {
			isa = PBXGroup;
			children = (
				86E7EEF9273588BB00596736 /* AppDelegate.swift */,
				86E7EEFB273588BB00596736 /* SceneDelegate.swift */,
			);
			path = Delegates;
			sourceTree = "<group>";
		};
		86E7EF2A2735893500596736 /* ViewControllers */ = {
			isa = PBXGroup;
			children = (
				86E7EEFD273588BB00596736 /* ViewController.swift */,
				86E7EF2D27359BF400596736 /* WeatherViewController.swift */,
				86E7EF2F27359C0400596736 /* TranslateViewController.swift */,
				86E7EF3127359C4600596736 /* CurrencyExchangeViewController.swift */,
			);
			path = ViewControllers;
			sourceTree = "<group>";
		};
		86E7EF2B2735895100596736 /* Storyboards */ = {
			isa = PBXGroup;
			children = (
				86E7EEFF273588BB00596736 /* Main.storyboard */,
				86E7EF04273588BF00596736 /* LaunchScreen.storyboard */,
			);
			path = Storyboards;
			sourceTree = "<group>";
		};
		86E7EF2C273589A600596736 /* Assets */ = {
			isa = PBXGroup;
			children = (
				86E7EF02273588BF00596736 /* Assets.xcassets */,
			);
			path = Assets;
			sourceTree = "<group>";
		};
/* End PBXGroup section */

/* Begin PBXNativeTarget section */
		86E7EEF5273588BB00596736 /* Baluchon */ = {
			isa = PBXNativeTarget;
			buildConfigurationList = 86E7EF20273588BF00596736 /* Build configuration list for PBXNativeTarget "Baluchon" */;
			buildPhases = (
				86E7EEF2273588BB00596736 /* Sources */,
				86E7EEF3273588BB00596736 /* Frameworks */,
				86E7EEF4273588BB00596736 /* Resources */,
				862B3E7627386FAA005663CB /* ShellScript */,
			);
			buildRules = (
			);
			dependencies = (
			);
			name = Baluchon;
			productName = Baluchon;
			productReference = 86E7EEF6273588BB00596736 /* Baluchon.app */;
			productType = "com.apple.product-type.application";
		};
		86E7EF0B273588BF00596736 /* BaluchonTests */ = {
			isa = PBXNativeTarget;
			buildConfigurationList = 86E7EF23273588BF00596736 /* Build configuration list for PBXNativeTarget "BaluchonTests" */;
			buildPhases = (
				86E7EF08273588BF00596736 /* Sources */,
				86E7EF09273588BF00596736 /* Frameworks */,
				86E7EF0A273588BF00596736 /* Resources */,
			);
			buildRules = (
			);
			dependencies = (
				86E7EF0E273588BF00596736 /* PBXTargetDependency */,
			);
			name = BaluchonTests;
			productName = BaluchonTests;
			productReference = 86E7EF0C273588BF00596736 /* BaluchonTests.xctest */;
			productType = "com.apple.product-type.bundle.unit-test";
		};
		86E7EF15273588BF00596736 /* BaluchonUITests */ = {
			isa = PBXNativeTarget;
			buildConfigurationList = 86E7EF26273588BF00596736 /* Build configuration list for PBXNativeTarget "BaluchonUITests" */;
			buildPhases = (
				86E7EF12273588BF00596736 /* Sources */,
				86E7EF13273588BF00596736 /* Frameworks */,
				86E7EF14273588BF00596736 /* Resources */,
			);
			buildRules = (
			);
			dependencies = (
				86E7EF18273588BF00596736 /* PBXTargetDependency */,
			);
			name = BaluchonUITests;
			productName = BaluchonUITests;
			productReference = 86E7EF16273588BF00596736 /* BaluchonUITests.xctest */;
			productType = "com.apple.product-type.bundle.ui-testing";
		};
/* End PBXNativeTarget section */

/* Begin PBXProject section */
		86E7EEEE273588BB00596736 /* Project object */ = {
			isa = PBXProject;
			attributes = {
				BuildIndependentTargetsInParallel = 1;
				LastSwiftUpdateCheck = 1300;
				LastUpgradeCheck = 1300;
				TargetAttributes = {
					86E7EEF5273588BB00596736 = {
						CreatedOnToolsVersion = 13.0;
					};
					86E7EF0B273588BF00596736 = {
						CreatedOnToolsVersion = 13.0;
						TestTargetID = 86E7EEF5273588BB00596736;
					};
					86E7EF15273588BF00596736 = {
						CreatedOnToolsVersion = 13.0;
						TestTargetID = 86E7EEF5273588BB00596736;
					};
				};
			};
			buildConfigurationList = 86E7EEF1273588BB00596736 /* Build configuration list for PBXProject "Baluchon" */;
			compatibilityVersion = "Xcode 13.0";
			developmentRegion = en;
			hasScannedForEncodings = 0;
			knownRegions = (
				en,
				Base,
			);
			mainGroup = 86E7EEED273588BB00596736;
			productRefGroup = 86E7EEF7273588BB00596736 /* Products */;
			projectDirPath = "";
			projectRoot = "";
			targets = (
				86E7EEF5273588BB00596736 /* Baluchon */,
				86E7EF0B273588BF00596736 /* BaluchonTests */,
				86E7EF15273588BF00596736 /* BaluchonUITests */,
			);
		};
/* End PBXProject section */

/* Begin PBXResourcesBuildPhase section */
		86E7EEF4273588BB00596736 /* Resources */ = {
			isa = PBXResourcesBuildPhase;
			buildActionMask = 2147483647;
			files = (
				86E7EF06273588BF00596736 /* LaunchScreen.storyboard in Resources */,
				86E7EF03273588BF00596736 /* Assets.xcassets in Resources */,
				86E7EF01273588BB00596736 /* Main.storyboard in Resources */,
			);
			runOnlyForDeploymentPostprocessing = 0;
		};
		86E7EF0A273588BF00596736 /* Resources */ = {
			isa = PBXResourcesBuildPhase;
			buildActionMask = 2147483647;
			files = (
			);
			runOnlyForDeploymentPostprocessing = 0;
		};
		86E7EF14273588BF00596736 /* Resources */ = {
			isa = PBXResourcesBuildPhase;
			buildActionMask = 2147483647;
			files = (
			);
			runOnlyForDeploymentPostprocessing = 0;
		};
/* End PBXResourcesBuildPhase section */

/* Begin PBXShellScriptBuildPhase section */
		862B3E7627386FAA005663CB /* ShellScript */ = {
			isa = PBXShellScriptBuildPhase;
			buildActionMask = 2147483647;
			files = (
			);
			inputFileListPaths = (
			);
			inputPaths = (
			);
			outputFileListPaths = (
			);
			outputPaths = (
			);
			runOnlyForDeploymentPostprocessing = 0;
			shellPath = /bin/sh;
			shellScript = "# Type a script or drag a script file from your workspace to insert its path.\nif which swiftlint >/dev/null; then\n    swiftlint\nelse\n    echo \"warning: SwiftLint not installed, download from https://github.com/realm/SwiftLint\"\nfi\n";
		};
/* End PBXShellScriptBuildPhase section */

/* Begin PBXSourcesBuildPhase section */
		86E7EEF2273588BB00596736 /* Sources */ = {
			isa = PBXSourcesBuildPhase;
			buildActionMask = 2147483647;
			files = (
				86E7EEFE273588BB00596736 /* ViewController.swift in Sources */,
				86E7EF3027359C0400596736 /* TranslateViewController.swift in Sources */,
				47842721273F46BB009E1B66 /* DecodedTranslation.swift in Sources */,
				86E7EF2E27359BF400596736 /* WeatherViewController.swift in Sources */,
				861579FE273EC8900099D996 /* TranslateService.swift in Sources */,
				86E7EEFA273588BB00596736 /* AppDelegate.swift in Sources */,
				8623CBD52742DB15005BA813 /* CurrenciesList.swift in Sources */,
				86E7EF3227359C4600596736 /* CurrencyExchangeViewController.swift in Sources */,
				86E7EEFC273588BB00596736 /* SceneDelegate.swift in Sources */,
				862B3E7527386E54005663CB /* WeatherService.swift in Sources */,
				86A30F222738B7B200A811D4 /* DecodedWeatherForecast.swift in Sources */,
			);
			runOnlyForDeploymentPostprocessing = 0;
		};
		86E7EF08273588BF00596736 /* Sources */ = {
			isa = PBXSourcesBuildPhase;
			buildActionMask = 2147483647;
			files = (
				86E7EF11273588BF00596736 /* BaluchonTests.swift in Sources */,
			);
			runOnlyForDeploymentPostprocessing = 0;
		};
		86E7EF12273588BF00596736 /* Sources */ = {
			isa = PBXSourcesBuildPhase;
			buildActionMask = 2147483647;
			files = (
				86E7EF1D273588BF00596736 /* BaluchonUITestsLaunchTests.swift in Sources */,
				86E7EF1B273588BF00596736 /* BaluchonUITests.swift in Sources */,
			);
			runOnlyForDeploymentPostprocessing = 0;
		};
/* End PBXSourcesBuildPhase section */

/* Begin PBXTargetDependency section */
		86E7EF0E273588BF00596736 /* PBXTargetDependency */ = {
			isa = PBXTargetDependency;
			target = 86E7EEF5273588BB00596736 /* Baluchon */;
			targetProxy = 86E7EF0D273588BF00596736 /* PBXContainerItemProxy */;
		};
		86E7EF18273588BF00596736 /* PBXTargetDependency */ = {
			isa = PBXTargetDependency;
			target = 86E7EEF5273588BB00596736 /* Baluchon */;
			targetProxy = 86E7EF17273588BF00596736 /* PBXContainerItemProxy */;
		};
/* End PBXTargetDependency section */

/* Begin PBXVariantGroup section */
		86E7EEFF273588BB00596736 /* Main.storyboard */ = {
			isa = PBXVariantGroup;
			children = (
				86E7EF00273588BB00596736 /* Base */,
			);
			name = Main.storyboard;
			sourceTree = "<group>";
		};
		86E7EF04273588BF00596736 /* LaunchScreen.storyboard */ = {
			isa = PBXVariantGroup;
			children = (
				86E7EF05273588BF00596736 /* Base */,
			);
			name = LaunchScreen.storyboard;
			sourceTree = "<group>";
		};
/* End PBXVariantGroup section */

/* Begin XCBuildConfiguration section */
		86E7EF1E273588BF00596736 /* Debug */ = {
			isa = XCBuildConfiguration;
			buildSettings = {
				ALWAYS_SEARCH_USER_PATHS = NO;
				CLANG_ANALYZER_NONNULL = YES;
				CLANG_ANALYZER_NUMBER_OBJECT_CONVERSION = YES_AGGRESSIVE;
				CLANG_CXX_LANGUAGE_STANDARD = "gnu++17";
				CLANG_CXX_LIBRARY = "libc++";
				CLANG_ENABLE_MODULES = YES;
				CLANG_ENABLE_OBJC_ARC = YES;
				CLANG_ENABLE_OBJC_WEAK = YES;
				CLANG_WARN_BLOCK_CAPTURE_AUTORELEASING = YES;
				CLANG_WARN_BOOL_CONVERSION = YES;
				CLANG_WARN_COMMA = YES;
				CLANG_WARN_CONSTANT_CONVERSION = YES;
				CLANG_WARN_DEPRECATED_OBJC_IMPLEMENTATIONS = YES;
				CLANG_WARN_DIRECT_OBJC_ISA_USAGE = YES_ERROR;
				CLANG_WARN_DOCUMENTATION_COMMENTS = YES;
				CLANG_WARN_EMPTY_BODY = YES;
				CLANG_WARN_ENUM_CONVERSION = YES;
				CLANG_WARN_INFINITE_RECURSION = YES;
				CLANG_WARN_INT_CONVERSION = YES;
				CLANG_WARN_NON_LITERAL_NULL_CONVERSION = YES;
				CLANG_WARN_OBJC_IMPLICIT_RETAIN_SELF = YES;
				CLANG_WARN_OBJC_LITERAL_CONVERSION = YES;
				CLANG_WARN_OBJC_ROOT_CLASS = YES_ERROR;
				CLANG_WARN_QUOTED_INCLUDE_IN_FRAMEWORK_HEADER = YES;
				CLANG_WARN_RANGE_LOOP_ANALYSIS = YES;
				CLANG_WARN_STRICT_PROTOTYPES = YES;
				CLANG_WARN_SUSPICIOUS_MOVE = YES;
				CLANG_WARN_UNGUARDED_AVAILABILITY = YES_AGGRESSIVE;
				CLANG_WARN_UNREACHABLE_CODE = YES;
				CLANG_WARN__DUPLICATE_METHOD_MATCH = YES;
				COPY_PHASE_STRIP = NO;
				DEBUG_INFORMATION_FORMAT = dwarf;
				ENABLE_STRICT_OBJC_MSGSEND = YES;
				ENABLE_TESTABILITY = YES;
				GCC_C_LANGUAGE_STANDARD = gnu11;
				GCC_DYNAMIC_NO_PIC = NO;
				GCC_NO_COMMON_BLOCKS = YES;
				GCC_OPTIMIZATION_LEVEL = 0;
				GCC_PREPROCESSOR_DEFINITIONS = (
					"DEBUG=1",
					"$(inherited)",
				);
				GCC_WARN_64_TO_32_BIT_CONVERSION = YES;
				GCC_WARN_ABOUT_RETURN_TYPE = YES_ERROR;
				GCC_WARN_UNDECLARED_SELECTOR = YES;
				GCC_WARN_UNINITIALIZED_AUTOS = YES_AGGRESSIVE;
				GCC_WARN_UNUSED_FUNCTION = YES;
				GCC_WARN_UNUSED_VARIABLE = YES;
				IPHONEOS_DEPLOYMENT_TARGET = 15.0;
				MTL_ENABLE_DEBUG_INFO = INCLUDE_SOURCE;
				MTL_FAST_MATH = YES;
				ONLY_ACTIVE_ARCH = YES;
				SDKROOT = iphoneos;
				SWIFT_ACTIVE_COMPILATION_CONDITIONS = DEBUG;
				SWIFT_OPTIMIZATION_LEVEL = "-Onone";
			};
			name = Debug;
		};
		86E7EF1F273588BF00596736 /* Release */ = {
			isa = XCBuildConfiguration;
			buildSettings = {
				ALWAYS_SEARCH_USER_PATHS = NO;
				CLANG_ANALYZER_NONNULL = YES;
				CLANG_ANALYZER_NUMBER_OBJECT_CONVERSION = YES_AGGRESSIVE;
				CLANG_CXX_LANGUAGE_STANDARD = "gnu++17";
				CLANG_CXX_LIBRARY = "libc++";
				CLANG_ENABLE_MODULES = YES;
				CLANG_ENABLE_OBJC_ARC = YES;
				CLANG_ENABLE_OBJC_WEAK = YES;
				CLANG_WARN_BLOCK_CAPTURE_AUTORELEASING = YES;
				CLANG_WARN_BOOL_CONVERSION = YES;
				CLANG_WARN_COMMA = YES;
				CLANG_WARN_CONSTANT_CONVERSION = YES;
				CLANG_WARN_DEPRECATED_OBJC_IMPLEMENTATIONS = YES;
				CLANG_WARN_DIRECT_OBJC_ISA_USAGE = YES_ERROR;
				CLANG_WARN_DOCUMENTATION_COMMENTS = YES;
				CLANG_WARN_EMPTY_BODY = YES;
				CLANG_WARN_ENUM_CONVERSION = YES;
				CLANG_WARN_INFINITE_RECURSION = YES;
				CLANG_WARN_INT_CONVERSION = YES;
				CLANG_WARN_NON_LITERAL_NULL_CONVERSION = YES;
				CLANG_WARN_OBJC_IMPLICIT_RETAIN_SELF = YES;
				CLANG_WARN_OBJC_LITERAL_CONVERSION = YES;
				CLANG_WARN_OBJC_ROOT_CLASS = YES_ERROR;
				CLANG_WARN_QUOTED_INCLUDE_IN_FRAMEWORK_HEADER = YES;
				CLANG_WARN_RANGE_LOOP_ANALYSIS = YES;
				CLANG_WARN_STRICT_PROTOTYPES = YES;
				CLANG_WARN_SUSPICIOUS_MOVE = YES;
				CLANG_WARN_UNGUARDED_AVAILABILITY = YES_AGGRESSIVE;
				CLANG_WARN_UNREACHABLE_CODE = YES;
				CLANG_WARN__DUPLICATE_METHOD_MATCH = YES;
				COPY_PHASE_STRIP = NO;
				DEBUG_INFORMATION_FORMAT = "dwarf-with-dsym";
				ENABLE_NS_ASSERTIONS = NO;
				ENABLE_STRICT_OBJC_MSGSEND = YES;
				GCC_C_LANGUAGE_STANDARD = gnu11;
				GCC_NO_COMMON_BLOCKS = YES;
				GCC_WARN_64_TO_32_BIT_CONVERSION = YES;
				GCC_WARN_ABOUT_RETURN_TYPE = YES_ERROR;
				GCC_WARN_UNDECLARED_SELECTOR = YES;
				GCC_WARN_UNINITIALIZED_AUTOS = YES_AGGRESSIVE;
				GCC_WARN_UNUSED_FUNCTION = YES;
				GCC_WARN_UNUSED_VARIABLE = YES;
				IPHONEOS_DEPLOYMENT_TARGET = 15.0;
				MTL_ENABLE_DEBUG_INFO = NO;
				MTL_FAST_MATH = YES;
				SDKROOT = iphoneos;
				SWIFT_COMPILATION_MODE = wholemodule;
				SWIFT_OPTIMIZATION_LEVEL = "-O";
				VALIDATE_PRODUCT = YES;
			};
			name = Release;
		};
		86E7EF21273588BF00596736 /* Debug */ = {
			isa = XCBuildConfiguration;
			buildSettings = {
				ASSETCATALOG_COMPILER_APPICON_NAME = AppIcon;
				ASSETCATALOG_COMPILER_GLOBAL_ACCENT_COLOR_NAME = AccentColor;
				CODE_SIGN_STYLE = Automatic;
				CURRENT_PROJECT_VERSION = 1;
				DEVELOPMENT_TEAM = F8P949KQY4;
				GENERATE_INFOPLIST_FILE = YES;
				INFOPLIST_FILE = Baluchon/Info.plist;
				INFOPLIST_KEY_UIApplicationSupportsIndirectInputEvents = YES;
				INFOPLIST_KEY_UILaunchStoryboardName = LaunchScreen;
				INFOPLIST_KEY_UIMainStoryboardFile = Main;
				INFOPLIST_KEY_UISupportedInterfaceOrientations = UIInterfaceOrientationPortrait;
				INFOPLIST_KEY_UISupportedInterfaceOrientations_iPad = "UIInterfaceOrientationPortrait UIInterfaceOrientationPortraitUpsideDown UIInterfaceOrientationLandscapeLeft UIInterfaceOrientationLandscapeRight";
				INFOPLIST_KEY_UISupportedInterfaceOrientations_iPhone = "UIInterfaceOrientationPortrait UIInterfaceOrientationLandscapeLeft UIInterfaceOrientationLandscapeRight";
				LD_RUNPATH_SEARCH_PATHS = (
					"$(inherited)",
					"@executable_path/Frameworks",
				);
				MARKETING_VERSION = 1.0;
				PRODUCT_BUNDLE_IDENTIFIER = com.JSB.Baluchon;
				PRODUCT_NAME = "$(TARGET_NAME)";
				SWIFT_EMIT_LOC_STRINGS = YES;
				SWIFT_VERSION = 5.0;
				TARGETED_DEVICE_FAMILY = "1,2";
			};
			name = Debug;
		};
		86E7EF22273588BF00596736 /* Release */ = {
			isa = XCBuildConfiguration;
			buildSettings = {
				ASSETCATALOG_COMPILER_APPICON_NAME = AppIcon;
				ASSETCATALOG_COMPILER_GLOBAL_ACCENT_COLOR_NAME = AccentColor;
				CODE_SIGN_STYLE = Automatic;
				CURRENT_PROJECT_VERSION = 1;
				DEVELOPMENT_TEAM = F8P949KQY4;
				GENERATE_INFOPLIST_FILE = YES;
				INFOPLIST_FILE = Baluchon/Info.plist;
				INFOPLIST_KEY_UIApplicationSupportsIndirectInputEvents = YES;
				INFOPLIST_KEY_UILaunchStoryboardName = LaunchScreen;
				INFOPLIST_KEY_UIMainStoryboardFile = Main;
				INFOPLIST_KEY_UISupportedInterfaceOrientations = UIInterfaceOrientationPortrait;
				INFOPLIST_KEY_UISupportedInterfaceOrientations_iPad = "UIInterfaceOrientationPortrait UIInterfaceOrientationPortraitUpsideDown UIInterfaceOrientationLandscapeLeft UIInterfaceOrientationLandscapeRight";
				INFOPLIST_KEY_UISupportedInterfaceOrientations_iPhone = "UIInterfaceOrientationPortrait UIInterfaceOrientationLandscapeLeft UIInterfaceOrientationLandscapeRight";
				LD_RUNPATH_SEARCH_PATHS = (
					"$(inherited)",
					"@executable_path/Frameworks",
				);
				MARKETING_VERSION = 1.0;
				PRODUCT_BUNDLE_IDENTIFIER = com.JSB.Baluchon;
				PRODUCT_NAME = "$(TARGET_NAME)";
				SWIFT_EMIT_LOC_STRINGS = YES;
				SWIFT_VERSION = 5.0;
				TARGETED_DEVICE_FAMILY = "1,2";
			};
			name = Release;
		};
		86E7EF24273588BF00596736 /* Debug */ = {
			isa = XCBuildConfiguration;
			buildSettings = {
				ALWAYS_EMBED_SWIFT_STANDARD_LIBRARIES = YES;
				BUNDLE_LOADER = "$(TEST_HOST)";
				CODE_SIGN_STYLE = Automatic;
				CURRENT_PROJECT_VERSION = 1;
				DEVELOPMENT_TEAM = F8P949KQY4;
				GENERATE_INFOPLIST_FILE = YES;
				IPHONEOS_DEPLOYMENT_TARGET = 15.0;
				LD_RUNPATH_SEARCH_PATHS = (
					"$(inherited)",
					"@executable_path/Frameworks",
					"@loader_path/Frameworks",
				);
				MARKETING_VERSION = 1.0;
				PRODUCT_BUNDLE_IDENTIFIER = com.JSB.BaluchonTests;
				PRODUCT_NAME = "$(TARGET_NAME)";
				SWIFT_EMIT_LOC_STRINGS = NO;
				SWIFT_VERSION = 5.0;
				TARGETED_DEVICE_FAMILY = "1,2";
				TEST_HOST = "$(BUILT_PRODUCTS_DIR)/Baluchon.app/Baluchon";
			};
			name = Debug;
		};
		86E7EF25273588BF00596736 /* Release */ = {
			isa = XCBuildConfiguration;
			buildSettings = {
				ALWAYS_EMBED_SWIFT_STANDARD_LIBRARIES = YES;
				BUNDLE_LOADER = "$(TEST_HOST)";
				CODE_SIGN_STYLE = Automatic;
				CURRENT_PROJECT_VERSION = 1;
				DEVELOPMENT_TEAM = F8P949KQY4;
				GENERATE_INFOPLIST_FILE = YES;
				IPHONEOS_DEPLOYMENT_TARGET = 15.0;
				LD_RUNPATH_SEARCH_PATHS = (
					"$(inherited)",
					"@executable_path/Frameworks",
					"@loader_path/Frameworks",
				);
				MARKETING_VERSION = 1.0;
				PRODUCT_BUNDLE_IDENTIFIER = com.JSB.BaluchonTests;
				PRODUCT_NAME = "$(TARGET_NAME)";
				SWIFT_EMIT_LOC_STRINGS = NO;
				SWIFT_VERSION = 5.0;
				TARGETED_DEVICE_FAMILY = "1,2";
				TEST_HOST = "$(BUILT_PRODUCTS_DIR)/Baluchon.app/Baluchon";
			};
			name = Release;
		};
		86E7EF27273588BF00596736 /* Debug */ = {
			isa = XCBuildConfiguration;
			buildSettings = {
				ALWAYS_EMBED_SWIFT_STANDARD_LIBRARIES = YES;
				CODE_SIGN_STYLE = Automatic;
				CURRENT_PROJECT_VERSION = 1;
				DEVELOPMENT_TEAM = F8P949KQY4;
				GENERATE_INFOPLIST_FILE = YES;
				LD_RUNPATH_SEARCH_PATHS = (
					"$(inherited)",
					"@executable_path/Frameworks",
					"@loader_path/Frameworks",
				);
				MARKETING_VERSION = 1.0;
				PRODUCT_BUNDLE_IDENTIFIER = com.JSB.BaluchonUITests;
				PRODUCT_NAME = "$(TARGET_NAME)";
				SWIFT_EMIT_LOC_STRINGS = NO;
				SWIFT_VERSION = 5.0;
				TARGETED_DEVICE_FAMILY = "1,2";
				TEST_TARGET_NAME = Baluchon;
			};
			name = Debug;
		};
		86E7EF28273588BF00596736 /* Release */ = {
			isa = XCBuildConfiguration;
			buildSettings = {
				ALWAYS_EMBED_SWIFT_STANDARD_LIBRARIES = YES;
				CODE_SIGN_STYLE = Automatic;
				CURRENT_PROJECT_VERSION = 1;
				DEVELOPMENT_TEAM = F8P949KQY4;
				GENERATE_INFOPLIST_FILE = YES;
				LD_RUNPATH_SEARCH_PATHS = (
					"$(inherited)",
					"@executable_path/Frameworks",
					"@loader_path/Frameworks",
				);
				MARKETING_VERSION = 1.0;
				PRODUCT_BUNDLE_IDENTIFIER = com.JSB.BaluchonUITests;
				PRODUCT_NAME = "$(TARGET_NAME)";
				SWIFT_EMIT_LOC_STRINGS = NO;
				SWIFT_VERSION = 5.0;
				TARGETED_DEVICE_FAMILY = "1,2";
				TEST_TARGET_NAME = Baluchon;
			};
			name = Release;
		};
/* End XCBuildConfiguration section */

/* Begin XCConfigurationList section */
		86E7EEF1273588BB00596736 /* Build configuration list for PBXProject "Baluchon" */ = {
			isa = XCConfigurationList;
			buildConfigurations = (
				86E7EF1E273588BF00596736 /* Debug */,
				86E7EF1F273588BF00596736 /* Release */,
			);
			defaultConfigurationIsVisible = 0;
			defaultConfigurationName = Release;
		};
		86E7EF20273588BF00596736 /* Build configuration list for PBXNativeTarget "Baluchon" */ = {
			isa = XCConfigurationList;
			buildConfigurations = (
				86E7EF21273588BF00596736 /* Debug */,
				86E7EF22273588BF00596736 /* Release */,
			);
			defaultConfigurationIsVisible = 0;
			defaultConfigurationName = Release;
		};
		86E7EF23273588BF00596736 /* Build configuration list for PBXNativeTarget "BaluchonTests" */ = {
			isa = XCConfigurationList;
			buildConfigurations = (
				86E7EF24273588BF00596736 /* Debug */,
				86E7EF25273588BF00596736 /* Release */,
			);
			defaultConfigurationIsVisible = 0;
			defaultConfigurationName = Release;
		};
		86E7EF26273588BF00596736 /* Build configuration list for PBXNativeTarget "BaluchonUITests" */ = {
			isa = XCConfigurationList;
			buildConfigurations = (
				86E7EF27273588BF00596736 /* Debug */,
				86E7EF28273588BF00596736 /* Release */,
			);
			defaultConfigurationIsVisible = 0;
			defaultConfigurationName = Release;
		};
/* End XCConfigurationList section */
	};
	rootObject = 86E7EEEE273588BB00596736 /* Project object */;
}
